github.com/k2-fsa/sherpa-onnx-go v1.13.5 h1:Xx2zwCsMyXne/B4uTeZdWJu9A+t+g1kfR5OjktsXPkc=
github.com/k2-fsa/sherpa-onnx-go v1.13.5/go.mod h1:qolVOvPGX18ngLa0WKP9jZa7ideLi+AnfVH9H41KhGk=
github.com/k2-fsa/sherpa-onnx-go-linux v1.13.5 h1:RgEVTBs2ybmWfV1yTegmPffg7fZwZQ4oZ+rHSpcOELk=
github.com/k2-fsa/sherpa-onnx-go-linux v1.13.5/go.mod h1:NXEH2rsBgTdqY59YpPq6CtSBlBAXy/8a9FmpLERU97I=
github.com/k2-fsa/sherpa-onnx-go-macos v1.13.5 h1:fujLerD3xl3A/BAEvW7rE/AzL5n+f8Xwpl45KoQEwvc=
github.com/k2-fsa/sherpa-onnx-go-macos v1.13.5/go.mod h1:ZOhUAXC62Unj0ZNfu6zxSFKcW96aXf7P3BsqiUyOBbE=
github.com/k2-fsa/sherpa-onnx-go-windows v1.13.5 h1:nIGX00kUJwiOp5bCJdROS56Pb/enIcD2iIhpzVWA7BA=
github.com/k2-fsa/sherpa-onnx-go-windows v1.13.5/go.mod h1:5AX7TU8+P/gInjglY1ijtWUM2b8iyR0QX4yEngzMe64=
